{
  "object": {
    "pins": [
      {
        "package": "Gen",
        "repositoryURL": "https://github.com/pointfreeco/swift-gen.git",
        "state": {
          "branch": null,
          "revision": "b5e9f0130dcf1ba3dcbb2a64c322e1556ca71eca",
          "version": "0.2.0"
        }
      },
      {
        "package": "Tagged",
        "repositoryURL": "https://github.com/pointfreeco/swift-tagged",
        "state": {
          "branch": null,
          "revision": "890b791f3e28de6ded242fe02c2b8dfea1ee32b6",
          "version": "0.4.0"
        }
      }
    ]
  },
  "version": 1
}
